{
    "_readme": [
        "This file locks the dependencies of your project to a known state",
        "Read more about it at https://getcomposer.org/doc/01-basic-usage.md#composer-lock-the-lock-file",
        "This file is @generated automatically"
    ],
    "content-hash": "3cc2329b823072c39d508d2109c239fc",
    "packages": [],
    "packages-dev": [
        {
            "name": "colinmollenhour/modman",
            "version": "1.12",
            "source": {
                "type": "git",
                "url": "https://github.com/colinmollenhour/modman.git",
                "reference": "c45a6b2f5903dff8c8f029e50d5a93e73fb72793"
            },
            "dist": {
                "type": "zip",
                "url": "https://api.github.com/repos/colinmollenhour/modman/zipball/c45a6b2f5903dff8c8f029e50d5a93e73fb72793",
                "reference": "c45a6b2f5903dff8c8f029e50d5a93e73fb72793",
                "shasum": ""
            },
            "bin": [
                "modman"
            ],
            "type": "library",
            "notification-url": "https://packagist.org/downloads/",
            "license": [
                "Apache-2.0"
            ],
            "authors": [
                {
                    "name": "Colin Mollenhour"
                }
            ],
            "description": "Module Manager",
            "homepage": "https://github.com/colinmollenhour/modman",
            "time": "2015-05-09T00:02:36+00:00"
        },
        {
            "name": "magento-ecg/coding-standard",
            "version": "3.1",
            "source": {
                "type": "git",
                "url": "https://github.com/magento-ecg/coding-standard.git",
                "reference": "fbeeb7ad68de02b15753d56dda9493af9c35bcaf"
            },
            "dist": {
                "type": "zip",
                "url": "https://api.github.com/repos/magento-ecg/coding-standard/zipball/fbeeb7ad68de02b15753d56dda9493af9c35bcaf",
                "reference": "fbeeb7ad68de02b15753d56dda9493af9c35bcaf",
                "shasum": ""
            },
            "require": {
                "php": ">=5.4.0",
                "squizlabs/php_codesniffer": "^3.0"
            },
            "type": "library",
            "notification-url": "https://packagist.org/downloads/",
            "license": [
                "MIT"
            ],
            "authors": [
                {
                    "name": "Magento Expert Consulting Group",
                    "homepage": "http://magentocommerce.com/consulting",
                    "role": "Maintainer"
                }
            ],
            "description": "A set of PHP_CodeSniffer rules and sniffs.",
            "homepage": "https://github.com/magento-ecg/coding-standard",
            "time": "2017-06-30T19:00:28+00:00"
        },
        {
            "name": "magento/marketplace-eqp",
            "version": "1.0.3",
            "source": {
                "type": "git",
                "url": "https://github.com/magento/marketplace-eqp.git",
                "reference": "bf22e38539cc4752696b8b65131e132e590e0faf"
            },
            "dist": {
                "type": "zip",
                "url": "https://api.github.com/repos/magento/marketplace-eqp/zipball/bf22e38539cc4752696b8b65131e132e590e0faf",
                "reference": "bf22e38539cc4752696b8b65131e132e590e0faf",
                "shasum": ""
            },
            "require": {
                "php": ">=5.6.0",
                "squizlabs/php_codesniffer": ">= 2.3.1"
            },
            "type": "library",
            "license": [
                "MIT"
            ],
            "description": "A set of PHP_CodeSniffer rules and sniffs.",
            "support": {
                "source": "https://github.com/magento/marketplace-eqp/tree/1.0.3",
                "issues": "https://github.com/magento/marketplace-eqp/issues"
            },
            "time": "2016-09-29T15:14:39+00:00"
        },
        {
            "name": "squizlabs/php_codesniffer",
            "version": "3.1.0",
            "source": {
                "type": "git",
                "url": "https://github.com/squizlabs/PHP_CodeSniffer.git",
                "reference": "3c2d0a0fe39684ba0c1eb842a6a775d0b938d699"
            },
            "dist": {
                "type": "zip",
                "url": "https://api.github.com/repos/squizlabs/PHP_CodeSniffer/zipball/3c2d0a0fe39684ba0c1eb842a6a775d0b938d699",
                "reference": "3c2d0a0fe39684ba0c1eb842a6a775d0b938d699",
                "shasum": ""
            },
            "require": {
                "ext-simplexml": "*",
                "ext-tokenizer": "*",
                "ext-xmlwriter": "*",
                "php": ">=5.4.0"
            },
            "require-dev": {
                "phpunit/phpunit": "^4.0 || ^5.0 || ^6.0"
            },
            "bin": [
                "bin/phpcs",
                "bin/phpcbf"
            ],
            "type": "library",
            "extra": {
                "branch-alias": {
                    "dev-master": "3.x-dev"
                }
            },
            "notification-url": "https://packagist.org/downloads/",
            "license": [
                "BSD-3-Clause"
            ],
            "authors": [
                {
                    "name": "Greg Sherwood",
                    "role": "lead"
                }
            ],
            "description": "PHP_CodeSniffer tokenizes PHP, JavaScript and CSS files and detects violations of a defined set of coding standards.",
            "homepage": "http://www.squizlabs.com/php-codesniffer",
            "keywords": [
                "phpcs",
                "standards"
            ],
            "time": "2017-09-19T22:47:14+00:00"
        }
    ],
    "aliases": [],
    "minimum-stability": "stable",
    "stability-flags": [],
    "prefer-stable": false,
    "prefer-lowest": false,
    "platform": [],
    "platform-dev": []
}
